{
  "name": "racketfest",
  "lockfileVersion": 3,
  "requires": true,
  "packages": {
    "": {
      "devDependencies": {
        "baseline-browser-mapping": "^2.9.2"
      }
    },
    "node_modules/baseline-browser-mapping": {
      "version": "2.9.2",
      "resolved": "https://registry.npmjs.org/baseline-browser-mapping/-/baseline-browser-mapping-2.9.2.tgz",
      "integrity": "sha512-PxSsosKQjI38iXkmb3d0Y32efqyA0uW4s41u4IVBsLlWLhCiYNpH/AfNOVWRqCQBlD8TFJTz6OUWNd4DFJCnmw==",
      "dev": true,
      "license": "Apache-2.0",
      "bin": {
        "baseline-browser-mapping": "dist/cli.js"
      }
    }
  }
}
